
Microsoft Visual Studio Solution File, Format Version 12.00
# Visual Studio Version 17
VisualStudioVersion = 17.5.33516.290
MinimumVisualStudioVersion = 10.0.40219.1
Project("{2150E333-8FDC-42A3-9474-1A3956D46DE8}") = "Web", "Web", "{E389DEB6-5F90-444B-A054-12A10D39C76F}"
EndProject
Project("{9A19103F-16F7-4668-BE54-9A1E7A4F7556}") = "HealthyFood.Web", "Web\HealthyFood.Web\HealthyFood.Web.csproj", "{B90D1067-FE4C-400E-BA78-5413E30AB9ED}"
EndProject
Project("{2150E333-8FDC-42A3-9474-1A3956D46DE8}") = "Data", "Data", "{ACBE44C4-E198-45E2-BA02-6655250A0006}"
EndProject
Project("{9A19103F-16F7-4668-BE54-9A1E7A4F7556}") = "HealthyFood.Data.Models", "Data\HealthyFood.Data.Models\HealthyFood.Data.Models.csproj", "{E9FDB52F-52DC-48B2-86E1-0176377BB53F}"
EndProject
Project("{2150E333-8FDC-42A3-9474-1A3956D46DE8}") = "Services", "Services", "{516E002B-9E6E-4456-B7F6-EAA353966DE6}"
EndProject
Project("{2150E333-8FDC-42A3-9474-1A3956D46DE8}") = "Tests", "Tests", "{7A731632-6714-44E2-A9E4-069EBA9E666C}"
EndProject
Project("{9A19103F-16F7-4668-BE54-9A1E7A4F7556}") = "HealthyFood.Services.Messaging", "Services\HealthyFood.Services.Messaging\HealthyFood.Services.Messaging.csproj", "{43FDC0C4-F250-45DE-93F8-3CA8A9247CC9}"
EndProject
Project("{9A19103F-16F7-4668-BE54-9A1E7A4F7556}") = "HealthyFood.Data", "Data\HealthyFood.Data\HealthyFood.Data.csproj", "{4B844ECB-E845-49A6-8B31-85E577933598}"
EndProject
Project("{9A19103F-16F7-4668-BE54-9A1E7A4F7556}") = "HealthyFood.Data.Common", "Data\HealthyFood.Data.Common\HealthyFood.Data.Common.csproj", "{D0D59508-CF8B-4656-A344-396C530BB9DF}"
EndProject
Project("{9A19103F-16F7-4668-BE54-9A1E7A4F7556}") = "HealthyFood.Common", "HealthyFood.Common\HealthyFood.Common.csproj", "{A2288C46-0FBF-43B6-80B6-3072FD65BC32}"
EndProject
Project("{9A19103F-16F7-4668-BE54-9A1E7A4F7556}") = "HealthyFood.Services.Data", "Services\HealthyFood.Services.Data\HealthyFood.Services.Data.csproj", "{4D39C126-3FB5-4B26-B08C-1BF48EFFA23E}"
EndProject
Project("{9A19103F-16F7-4668-BE54-9A1E7A4F7556}") = "HealthyFood.Services.Mapping", "Services\HealthyFood.Services.Mapping\HealthyFood.Services.Mapping.csproj", "{415FD7FA-0453-4FE1-9A29-C6E1D8B45C3D}"
EndProject
Project("{9A19103F-16F7-4668-BE54-9A1E7A4F7556}") = "HealthyFood.Services.Data.Tests", "Tests\HealthyFood.Services.Data.Tests\HealthyFood.Services.Data.Tests.csproj", "{901AB2DA-6E52-4FB2-91F0-58EB0115F2F7}"
EndProject
Project("{9A19103F-16F7-4668-BE54-9A1E7A4F7556}") = "HealthyFood.Web.Tests", "Tests\HealthyFood.Web.Tests\HealthyFood.Web.Tests.csproj", "{3EE06C6E-C8F3-418A-A309-8AC81976A074}"
EndProject
Project("{2150E333-8FDC-42A3-9474-1A3956D46DE8}") = "Models", "Models", "{F8A0C5EA-6288-487C-9AC8-8DD7091E263C}"
EndProject
Project("{FAE04EC0-301F-11D3-BF4B-00C04F79EFBC}") = "HealthyFood.Models.Common", "Models\HealthyFood.Models.Common\HealthyFood.Models.Common.csproj", "{1DF5EBE9-762F-42C2-8EC8-ED9DF8CD2B6C}"
EndProject
Project("{FAE04EC0-301F-11D3-BF4B-00C04F79EFBC}") = "HealthyFood.Models.InputModels", "Models\HealthyFood.Models.InputModels\HealthyFood.Models.InputModels.csproj", "{AF77E356-D7B4-47B2-990A-192353630447}"
EndProject
Project("{FAE04EC0-301F-11D3-BF4B-00C04F79EFBC}") = "HealthyFood.Models.ViewModels", "Models\HealthyFood.Models.ViewModels\HealthyFood.Models.ViewModels.csproj", "{655FD98B-C8B0-40CB-98F4-280713EE2B24}"
EndProject
Global
	GlobalSection(SolutionConfigurationPlatforms) = preSolution
		Debug|Any CPU = Debug|Any CPU
		Release|Any CPU = Release|Any CPU
	EndGlobalSection
	GlobalSection(ProjectConfigurationPlatforms) = postSolution
		{B90D1067-FE4C-400E-BA78-5413E30AB9ED}.Debug|Any CPU.ActiveCfg = Debug|Any CPU
		{B90D1067-FE4C-400E-BA78-5413E30AB9ED}.Debug|Any CPU.Build.0 = Debug|Any CPU
		{B90D1067-FE4C-400E-BA78-5413E30AB9ED}.Release|Any CPU.ActiveCfg = Release|Any CPU
		{B90D1067-FE4C-400E-BA78-5413E30AB9ED}.Release|Any CPU.Build.0 = Release|Any CPU
		{E9FDB52F-52DC-48B2-86E1-0176377BB53F}.Debug|Any CPU.ActiveCfg = Debug|Any CPU
		{E9FDB52F-52DC-48B2-86E1-0176377BB53F}.Debug|Any CPU.Build.0 = Debug|Any CPU
		{E9FDB52F-52DC-48B2-86E1-0176377BB53F}.Release|Any CPU.ActiveCfg = Release|Any CPU
		{E9FDB52F-52DC-48B2-86E1-0176377BB53F}.Release|Any CPU.Build.0 = Release|Any CPU
		{43FDC0C4-F250-45DE-93F8-3CA8A9247CC9}.Debug|Any CPU.ActiveCfg = Debug|Any CPU
		{43FDC0C4-F250-45DE-93F8-3CA8A9247CC9}.Debug|Any CPU.Build.0 = Debug|Any CPU
		{43FDC0C4-F250-45DE-93F8-3CA8A9247CC9}.Release|Any CPU.ActiveCfg = Release|Any CPU
		{43FDC0C4-F250-45DE-93F8-3CA8A9247CC9}.Release|Any CPU.Build.0 = Release|Any CPU
		{4B844ECB-E845-49A6-8B31-85E577933598}.Debug|Any CPU.ActiveCfg = Debug|Any CPU
		{4B844ECB-E845-49A6-8B31-85E577933598}.Debug|Any CPU.Build.0 = Debug|Any CPU
		{4B844ECB-E845-49A6-8B31-85E577933598}.Release|Any CPU.ActiveCfg = Release|Any CPU
		{4B844ECB-E845-49A6-8B31-85E577933598}.Release|Any CPU.Build.0 = Release|Any CPU
		{D0D59508-CF8B-4656-A344-396C530BB9DF}.Debug|Any CPU.ActiveCfg = Debug|Any CPU
		{D0D59508-CF8B-4656-A344-396C530BB9DF}.Debug|Any CPU.Build.0 = Debug|Any CPU
		{D0D59508-CF8B-4656-A344-396C530BB9DF}.Release|Any CPU.ActiveCfg = Release|Any CPU
		{D0D59508-CF8B-4656-A344-396C530BB9DF}.Release|Any CPU.Build.0 = Release|Any CPU
		{A2288C46-0FBF-43B6-80B6-3072FD65BC32}.Debug|Any CPU.ActiveCfg = Debug|Any CPU
		{A2288C46-0FBF-43B6-80B6-3072FD65BC32}.Debug|Any CPU.Build.0 = Debug|Any CPU
		{A2288C46-0FBF-43B6-80B6-3072FD65BC32}.Release|Any CPU.ActiveCfg = Release|Any CPU
		{A2288C46-0FBF-43B6-80B6-3072FD65BC32}.Release|Any CPU.Build.0 = Release|Any CPU
		{4D39C126-3FB5-4B26-B08C-1BF48EFFA23E}.Debug|Any CPU.ActiveCfg = Debug|Any CPU
		{4D39C126-3FB5-4B26-B08C-1BF48EFFA23E}.Debug|Any CPU.Build.0 = Debug|Any CPU
		{4D39C126-3FB5-4B26-B08C-1BF48EFFA23E}.Release|Any CPU.ActiveCfg = Release|Any CPU
		{4D39C126-3FB5-4B26-B08C-1BF48EFFA23E}.Release|Any CPU.Build.0 = Release|Any CPU
		{415FD7FA-0453-4FE1-9A29-C6E1D8B45C3D}.Debug|Any CPU.ActiveCfg = Debug|Any CPU
		{415FD7FA-0453-4FE1-9A29-C6E1D8B45C3D}.Debug|Any CPU.Build.0 = Debug|Any CPU
		{415FD7FA-0453-4FE1-9A29-C6E1D8B45C3D}.Release|Any CPU.ActiveCfg = Release|Any CPU
		{415FD7FA-0453-4FE1-9A29-C6E1D8B45C3D}.Release|Any CPU.Build.0 = Release|Any CPU
		{901AB2DA-6E52-4FB2-91F0-58EB0115F2F7}.Debug|Any CPU.ActiveCfg = Debug|Any CPU
		{901AB2DA-6E52-4FB2-91F0-58EB0115F2F7}.Debug|Any CPU.Build.0 = Debug|Any CPU
		{901AB2DA-6E52-4FB2-91F0-58EB0115F2F7}.Release|Any CPU.ActiveCfg = Release|Any CPU
		{901AB2DA-6E52-4FB2-91F0-58EB0115F2F7}.Release|Any CPU.Build.0 = Release|Any CPU
		{3EE06C6E-C8F3-418A-A309-8AC81976A074}.Debug|Any CPU.ActiveCfg = Debug|Any CPU
		{3EE06C6E-C8F3-418A-A309-8AC81976A074}.Debug|Any CPU.Build.0 = Debug|Any CPU
		{3EE06C6E-C8F3-418A-A309-8AC81976A074}.Release|Any CPU.ActiveCfg = Release|Any CPU
		{3EE06C6E-C8F3-418A-A309-8AC81976A074}.Release|Any CPU.Build.0 = Release|Any CPU
		{1DF5EBE9-762F-42C2-8EC8-ED9DF8CD2B6C}.Debug|Any CPU.ActiveCfg = Debug|Any CPU
		{1DF5EBE9-762F-42C2-8EC8-ED9DF8CD2B6C}.Debug|Any CPU.Build.0 = Debug|Any CPU
		{1DF5EBE9-762F-42C2-8EC8-ED9DF8CD2B6C}.Release|Any CPU.ActiveCfg = Release|Any CPU
		{1DF5EBE9-762F-42C2-8EC8-ED9DF8CD2B6C}.Release|Any CPU.Build.0 = Release|Any CPU
		{AF77E356-D7B4-47B2-990A-192353630447}.Debug|Any CPU.ActiveCfg = Debug|Any CPU
		{AF77E356-D7B4-47B2-990A-192353630447}.Debug|Any CPU.Build.0 = Debug|Any CPU
		{AF77E356-D7B4-47B2-990A-192353630447}.Release|Any CPU.ActiveCfg = Release|Any CPU
		{AF77E356-D7B4-47B2-990A-192353630447}.Release|Any CPU.Build.0 = Release|Any CPU
		{655FD98B-C8B0-40CB-98F4-280713EE2B24}.Debug|Any CPU.ActiveCfg = Debug|Any CPU
		{655FD98B-C8B0-40CB-98F4-280713EE2B24}.Debug|Any CPU.Build.0 = Debug|Any CPU
		{655FD98B-C8B0-40CB-98F4-280713EE2B24}.Release|Any CPU.ActiveCfg = Release|Any CPU
		{655FD98B-C8B0-40CB-98F4-280713EE2B24}.Release|Any CPU.Build.0 = Release|Any CPU
	EndGlobalSection
	GlobalSection(SolutionProperties) = preSolution
		HideSolutionNode = FALSE
	EndGlobalSection
	GlobalSection(NestedProjects) = preSolution
		{B90D1067-FE4C-400E-BA78-5413E30AB9ED} = {E389DEB6-5F90-444B-A054-12A10D39C76F}
		{E9FDB52F-52DC-48B2-86E1-0176377BB53F} = {ACBE44C4-E198-45E2-BA02-6655250A0006}
		{43FDC0C4-F250-45DE-93F8-3CA8A9247CC9} = {516E002B-9E6E-4456-B7F6-EAA353966DE6}
		{4B844ECB-E845-49A6-8B31-85E577933598} = {ACBE44C4-E198-45E2-BA02-6655250A0006}
		{D0D59508-CF8B-4656-A344-396C530BB9DF} = {ACBE44C4-E198-45E2-BA02-6655250A0006}
		{4D39C126-3FB5-4B26-B08C-1BF48EFFA23E} = {516E002B-9E6E-4456-B7F6-EAA353966DE6}
		{415FD7FA-0453-4FE1-9A29-C6E1D8B45C3D} = {516E002B-9E6E-4456-B7F6-EAA353966DE6}
		{901AB2DA-6E52-4FB2-91F0-58EB0115F2F7} = {7A731632-6714-44E2-A9E4-069EBA9E666C}
		{3EE06C6E-C8F3-418A-A309-8AC81976A074} = {7A731632-6714-44E2-A9E4-069EBA9E666C}
		{1DF5EBE9-762F-42C2-8EC8-ED9DF8CD2B6C} = {F8A0C5EA-6288-487C-9AC8-8DD7091E263C}
		{AF77E356-D7B4-47B2-990A-192353630447} = {F8A0C5EA-6288-487C-9AC8-8DD7091E263C}
		{655FD98B-C8B0-40CB-98F4-280713EE2B24} = {F8A0C5EA-6288-487C-9AC8-8DD7091E263C}
	EndGlobalSection
	GlobalSection(ExtensibilityGlobals) = postSolution
		SolutionGuid = {384484BE-4680-4529-9CC2-AD37BA4D12D1}
	EndGlobalSection
EndGlobal
